
Microsoft Visual Studio Solution File, Format Version 12.00
# Visual Studio Version 17
VisualStudioVersion = 17.5.002.0
MinimumVisualStudioVersion = 10.0.40219.1
Project("{9A19103F-16F7-4668-BE54-9A1E7A4F7556}") = "Sistema-Bancario", "Sistema-Bancario.csproj", "{EFFCC504-B294-4922-8EC6-8636477B586E}"
EndProject
Global
	GlobalSection(SolutionConfigurationPlatforms) = preSolution
		Debug|Any CPU = Debug|Any CPU
		Release|Any CPU = Release|Any CPU
	EndGlobalSection
	GlobalSection(ProjectConfigurationPlatforms) = postSolution
		{EFFCC504-B294-4922-8EC6-8636477B586E}.Debug|Any CPU.ActiveCfg = Debug|Any CPU
		{EFFCC504-B294-4922-8EC6-8636477B586E}.Debug|Any CPU.Build.0 = Debug|Any CPU
		{EFFCC504-B294-4922-8EC6-8636477B586E}.Release|Any CPU.ActiveCfg = Release|Any CPU
		{EFFCC504-B294-4922-8EC6-8636477B586E}.Release|Any CPU.Build.0 = Release|Any CPU
	EndGlobalSection
	GlobalSection(SolutionProperties) = preSolution
		HideSolutionNode = FALSE
	EndGlobalSection
	GlobalSection(ExtensibilityGlobals) = postSolution
		SolutionGuid = {F9CFCBA7-C94B-418F-87E3-D88419EF1DF3}
	EndGlobalSection
EndGlobal
